
Microsoft Visual Studio Solution File, Format Version 12.00
# Visual Studio Version 17
VisualStudioVersion = 17.11.35327.3
MinimumVisualStudioVersion = 10.0.40219.1
Project("{FAE04EC0-301F-11D3-BF4B-00C04F79EFBC}") = "sitem2", "sitem2.csproj", "{CAD1CCD3-2BAD-42FF-AF8E-F2BE68A96223}"
EndProject
Global
	GlobalSection(SolutionConfigurationPlatforms) = preSolution
		Debug|Any CPU = Debug|Any CPU
		Release|Any CPU = Release|Any CPU
	EndGlobalSection
	GlobalSection(ProjectConfigurationPlatforms) = postSolution
		{CAD1CCD3-2BAD-42FF-AF8E-F2BE68A96223}.Debug|Any CPU.ActiveCfg = Debug|Any CPU
		{CAD1CCD3-2BAD-42FF-AF8E-F2BE68A96223}.Debug|Any CPU.Build.0 = Debug|Any CPU
		{CAD1CCD3-2BAD-42FF-AF8E-F2BE68A96223}.Release|Any CPU.ActiveCfg = Release|Any CPU
		{CAD1CCD3-2BAD-42FF-AF8E-F2BE68A96223}.Release|Any CPU.Build.0 = Release|Any CPU
	EndGlobalSection
	GlobalSection(SolutionProperties) = preSolution
		HideSolutionNode = FALSE
	EndGlobalSection
	GlobalSection(ExtensibilityGlobals) = postSolution
		SolutionGuid = {24E7AA8F-9104-430F-8879-3C8CB0BDD35B}
	EndGlobalSection
EndGlobal
